// !$*UTF8*$!
{
	archiveVersion = 1;
	classes = {
	};
	objectVersion = 50;
	objects = {

/* Begin PBXBuildFile section */
		844DA0F6237C9CC0001F15CD /* AppDelegate.swift in Sources */ = {isa = PBXBuildFile; fileRef = 844DA0F5237C9CC0001F15CD /* AppDelegate.swift */; };
		844DA0F8237C9CC0001F15CD /* SceneDelegate.swift in Sources */ = {isa = PBXBuildFile; fileRef = 844DA0F7237C9CC0001F15CD /* SceneDelegate.swift */; };
		844DA0FA237C9CC0001F15CD /* ViewController.swift in Sources */ = {isa = PBXBuildFile; fileRef = 844DA0F9237C9CC0001F15CD /* ViewController.swift */; };
		844DA0FD237C9CC0001F15CD /* Main.storyboard in Resources */ = {isa = PBXBuildFile; fileRef = 844DA0FB237C9CC0001F15CD /* Main.storyboard */; };
		844DA0FF237C9CC2001F15CD /* Assets.xcassets in Resources */ = {isa = PBXBuildFile; fileRef = 844DA0FE237C9CC2001F15CD /* Assets.xcassets */; };
		844DA102237C9CC2001F15CD /* LaunchScreen.storyboard in Resources */ = {isa = PBXBuildFile; fileRef = 844DA100237C9CC2001F15CD /* LaunchScreen.storyboard */; };
		84DAA85B2384050800C38C8E /* Default-568h@2x.png in Resources */ = {isa = PBXBuildFile; fileRef = 84DAA85A2384050800C38C8E /* Default-568h@2x.png */; };
/* End PBXBuildFile section */

/* Begin PBXFileReference section */
		844DA0F2237C9CC0001F15CD /* challenge1.app */ = {isa = PBXFileReference; explicitFileType = wrapper.application; includeInIndex = 0; path = challenge1.app; sourceTree = BUILT_PRODUCTS_DIR; };
		844DA0F5237C9CC0001F15CD /* AppDelegate.swift */ = {isa = PBXFileReference; lastKnownFileType = sourcecode.swift; path = AppDelegate.swift; sourceTree = "<group>"; };
		844DA0F7237C9CC0001F15CD /* SceneDelegate.swift */ = {isa = PBXFileReference; lastKnownFileType = sourcecode.swift; path = SceneDelegate.swift; sourceTree = "<group>"; };
		844DA0F9237C9CC0001F15CD /* ViewController.swift */ = {isa = PBXFileReference; lastKnownFileType = sourcecode.swift; path = ViewController.swift; sourceTree = "<group>"; };
		844DA0FC237C9CC0001F15CD /* Base */ = {isa = PBXFileReference; lastKnownFileType = file.storyboard; name = Base; path = Base.lproj/Main.storyboard; sourceTree = "<group>"; };
		844DA0FE237C9CC2001F15CD /* Assets.xcassets */ = {isa = PBXFileReference; lastKnownFileType = folder.assetcatalog; path = Assets.xcassets; sourceTree = "<group>"; };
		844DA101237C9CC2001F15CD /* Base */ = {isa = PBXFileReference; lastKnownFileType = file.storyboard; name = Base; path = Base.lproj/LaunchScreen.storyboard; sourceTree = "<group>"; };
		844DA103237C9CC2001F15CD /* Info.plist */ = {isa = PBXFileReference; lastKnownFileType = text.plist.xml; path = Info.plist; sourceTree = "<group>"; };
		84DAA85A2384050800C38C8E /* Default-568h@2x.png */ = {isa = PBXFileReference; lastKnownFileType = image.png; path = "Default-568h@2x.png"; sourceTree = "<group>"; };
/* End PBXFileReference section */

/* Begin PBXFrameworksBuildPhase section */
		844DA0EF237C9CC0001F15CD /* Frameworks */ = {
			isa = PBXFrameworksBuildPhase;
			buildActionMask = 2147483647;
			files = (
			);
			runOnlyForDeploymentPostprocessing = 0;
		};
/* End PBXFrameworksBuildPhase section */

/* Begin PBXGroup section */
		844DA0E9237C9CC0001F15CD = {
			isa = PBXGroup;
			children = (
				84DAA85A2384050800C38C8E /* Default-568h@2x.png */,
				844DA0F4237C9CC0001F15CD /* challenge1 */,
				844DA0F3237C9CC0001F15CD /* Products */,
			);
			sourceTree = "<group>";
		};
		844DA0F3237C9CC0001F15CD /* Products */ = {
			isa = PBXGroup;
			children = (
				844DA0F2237C9CC0001F15CD /* challenge1.app */,
			);
			name = Products;
			sourceTree = "<group>";
		};
		844DA0F4237C9CC0001F15CD /* challenge1 */ = {
			isa = PBXGroup;
			children = (
				844DA0F5237C9CC0001F15CD /* AppDelegate.swift */,
				844DA0F7237C9CC0001F15CD /* SceneDelegate.swift */,
				844DA0F9237C9CC0001F15CD /* ViewController.swift */,
				844DA0FB237C9CC0001F15CD /* Main.storyboard */,
				844DA0FE237C9CC2001F15CD /* Assets.xcassets */,
				844DA100237C9CC2001F15CD /* LaunchScreen.storyboard */,
				844DA103237C9CC2001F15CD /* Info.plist */,
			);
			path = challenge1;
			sourceTree = "<group>";
		};
/* End PBXGroup section */

/* Begin PBXNativeTarget section */
		844DA0F1237C9CC0001F15CD /* challenge1 */ = {
			isa = PBXNativeTarget;
			buildConfigurationList = 844DA106237C9CC2001F15CD /* Build configuration list for PBXNativeTarget "challenge1" */;
			buildPhases = (
				844DA0EE237C9CC0001F15CD /* Sources */,
				844DA0EF237C9CC0001F15CD /* Frameworks */,
				844DA0F0237C9CC0001F15CD /* Resources */,
			);
			buildRules = (
			);
			dependencies = (
			);
			name = challenge1;
			productName = challenge1;
			productReference = 844DA0F2237C9CC0001F15CD /* challenge1.app */;
			productType = "com.apple.product-type.application";
		};
/* End PBXNativeTarget section */

/* Begin PBXProject section */
		844DA0EA237C9CC0001F15CD /* Project object */ = {
			isa = PBXProject;
			attributes = {
				LastSwiftUpdateCheck = 1120;
				LastUpgradeCheck = 1120;
				ORGANIZATIONNAME = "Diana Ismail";
				TargetAttributes = {
					844DA0F1237C9CC0001F15CD = {
						CreatedOnToolsVersion = 11.2;
					};
				};
			};
			buildConfigurationList = 844DA0ED237C9CC0001F15CD /* Build configuration list for PBXProject "challenge1" */;
			compatibilityVersion = "Xcode 9.3";
			developmentRegion = en;
			hasScannedForEncodings = 0;
			knownRegions = (
				en,
				Base,
			);
			mainGroup = 844DA0E9237C9CC0001F15CD;
			productRefGroup = 844DA0F3237C9CC0001F15CD /* Products */;
			projectDirPath = "";
			projectRoot = "";
			targets = (
				844DA0F1237C9CC0001F15CD /* challenge1 */,
			);
		};
/* End PBXProject section */

/* Begin PBXResourcesBuildPhase section */
		844DA0F0237C9CC0001F15CD /* Resources */ = {
			isa = PBXResourcesBuildPhase;
			buildActionMask = 2147483647;
			files = (
				844DA102237C9CC2001F15CD /* LaunchScreen.storyboard in Resources */,
				84DAA85B2384050800C38C8E /* Default-568h@2x.png in Resources */,
				844DA0FF237C9CC2001F15CD /* Assets.xcassets in Resources */,
				844DA0FD237C9CC0001F15CD /* Main.storyboard in Resources */,
			);
			runOnlyForDeploymentPostprocessing = 0;
		};
/* End PBXResourcesBuildPhase section */

/* Begin PBXSourcesBuildPhase section */
		844DA0EE237C9CC0001F15CD /* Sources */ = {
			isa = PBXSourcesBuildPhase;
			buildActionMask = 2147483647;
			files = (
				844DA0FA237C9CC0001F15CD /* ViewController.swift in Sources */,
				844DA0F6237C9CC0001F15CD /* AppDelegate.swift in Sources */,
				844DA0F8237C9CC0001F15CD /* SceneDelegate.swift in Sources */,
			);
			runOnlyForDeploymentPostprocessing = 0;
		};
/* End PBXSourcesBuildPhase section */

/* Begin PBXVariantGroup section */
		844DA0FB237C9CC0001F15CD /* Main.storyboard */ = {
			isa = PBXVariantGroup;
			children = (
				844DA0FC237C9CC0001F15CD /* Base */,
			);
			name = Main.storyboard;
			sourceTree = "<group>";
		};
		844DA100237C9CC2001F15CD /* LaunchScreen.storyboard */ = {
			isa = PBXVariantGroup;
			children = (
				844DA101237C9CC2001F15CD /* Base */,
			);
			name = LaunchScreen.storyboard;
			sourceTree = "<group>";
		};
/* End PBXVariantGroup section */

/* Begin XCBuildConfiguration section */
		844DA104237C9CC2001F15CD /* Debug */ = {
			isa = XCBuildConfiguration;
			buildSettings = {
				ALWAYS_SEARCH_USER_PATHS = NO;
				CLANG_ANALYZER_NONNULL = YES;
				CLANG_ANALYZER_NUMBER_OBJECT_CONVERSION = YES_AGGRESSIVE;
				CLANG_CXX_LANGUAGE_STANDARD = "gnu++14";
				CLANG_CXX_LIBRARY = "libc++";
				CLANG_ENABLE_MODULES = YES;
				CLANG_ENABLE_OBJC_ARC = YES;
				CLANG_ENABLE_OBJC_WEAK = YES;
				CLANG_WARN_BLOCK_CAPTURE_AUTORELEASING = YES;
				CLANG_WARN_BOOL_CONVERSION = YES;
				CLANG_WARN_COMMA = YES;
				CLANG_WARN_CONSTANT_CONVERSION = YES;
				CLANG_WARN_DEPRECATED_OBJC_IMPLEMENTATIONS = YES;
				CLANG_WARN_DIRECT_OBJC_ISA_USAGE = YES_ERROR;
				CLANG_WARN_DOCUMENTATION_COMMENTS = YES;
				CLANG_WARN_EMPTY_BODY = YES;
				CLANG_WARN_ENUM_CONVERSION = YES;
				CLANG_WARN_INFINITE_RECURSION = YES;
				CLANG_WARN_INT_CONVERSION = YES;
				CLANG_WARN_NON_LITERAL_NULL_CONVERSION = YES;
				CLANG_WARN_OBJC_IMPLICIT_RETAIN_SELF = YES;
				CLANG_WARN_OBJC_LITERAL_CONVERSION = YES;
				CLANG_WARN_OBJC_ROOT_CLASS = YES_ERROR;
				CLANG_WARN_RANGE_LOOP_ANALYSIS = YES;
				CLANG_WARN_STRICT_PROTOTYPES = YES;
				CLANG_WARN_SUSPICIOUS_MOVE = YES;
				CLANG_WARN_UNGUARDED_AVAILABILITY = YES_AGGRESSIVE;
				CLANG_WARN_UNREACHABLE_CODE = YES;
				CLANG_WARN__DUPLICATE_METHOD_MATCH = YES;
				COPY_PHASE_STRIP = NO;
				DEBUG_INFORMATION_FORMAT = dwarf;
				ENABLE_STRICT_OBJC_MSGSEND = YES;
				ENABLE_TESTABILITY = YES;
				GCC_C_LANGUAGE_STANDARD = gnu11;
				GCC_DYNAMIC_NO_PIC = NO;
				GCC_NO_COMMON_BLOCKS = YES;
				GCC_OPTIMIZATION_LEVEL = 0;
				GCC_PREPROCESSOR_DEFINITIONS = (
					"DEBUG=1",
					"$(inherited)",
				);
				GCC_WARN_64_TO_32_BIT_CONVERSION = YES;
				GCC_WARN_ABOUT_RETURN_TYPE = YES_ERROR;
				GCC_WARN_UNDECLARED_SELECTOR = YES;
				GCC_WARN_UNINITIALIZED_AUTOS = YES_AGGRESSIVE;
				GCC_WARN_UNUSED_FUNCTION = YES;
				GCC_WARN_UNUSED_VARIABLE = YES;
				IPHONEOS_DEPLOYMENT_TARGET = 13.2;
				MTL_ENABLE_DEBUG_INFO = INCLUDE_SOURCE;
				MTL_FAST_MATH = YES;
				ONLY_ACTIVE_ARCH = YES;
				SDKROOT = iphoneos;
				SWIFT_ACTIVE_COMPILATION_CONDITIONS = DEBUG;
				SWIFT_OPTIMIZATION_LEVEL = "-Onone";
			};
			name = Debug;
		};
		844DA105237C9CC2001F15CD /* Release */ = {
			isa = XCBuildConfiguration;
			buildSettings = {
				ALWAYS_SEARCH_USER_PATHS = NO;
				CLANG_ANALYZER_NONNULL = YES;
				CLANG_ANALYZER_NUMBER_OBJECT_CONVERSION = YES_AGGRESSIVE;
				CLANG_CXX_LANGUAGE_STANDARD = "gnu++14";
				CLANG_CXX_LIBRARY = "libc++";
				CLANG_ENABLE_MODULES = YES;
				CLANG_ENABLE_OBJC_ARC = YES;
				CLANG_ENABLE_OBJC_WEAK = YES;
				CLANG_WARN_BLOCK_CAPTURE_AUTORELEASING = YES;
				CLANG_WARN_BOOL_CONVERSION = YES;
				CLANG_WARN_COMMA = YES;
				CLANG_WARN_CONSTANT_CONVERSION = YES;
				CLANG_WARN_DEPRECATED_OBJC_IMPLEMENTATIONS = YES;
				CLANG_WARN_DIRECT_OBJC_ISA_USAGE = YES_ERROR;
				CLANG_WARN_DOCUMENTATION_COMMENTS = YES;
				CLANG_WARN_EMPTY_BODY = YES;
				CLANG_WARN_ENUM_CONVERSION = YES;
				CLANG_WARN_INFINITE_RECURSION = YES;
				CLANG_WARN_INT_CONVERSION = YES;
				CLANG_WARN_NON_LITERAL_NULL_CONVERSION = YES;
				CLANG_WARN_OBJC_IMPLICIT_RETAIN_SELF = YES;
				CLANG_WARN_OBJC_LITERAL_CONVERSION = YES;
				CLANG_WARN_OBJC_ROOT_CLASS = YES_ERROR;
				CLANG_WARN_RANGE_LOOP_ANALYSIS = YES;
				CLANG_WARN_STRICT_PROTOTYPES = YES;
				CLANG_WARN_SUSPICIOUS_MOVE = YES;
				CLANG_WARN_UNGUARDED_AVAILABILITY = YES_AGGRESSIVE;
				CLANG_WARN_UNREACHABLE_CODE = YES;
				CLANG_WARN__DUPLICATE_METHOD_MATCH = YES;
				COPY_PHASE_STRIP = NO;
				DEBUG_INFORMATION_FORMAT = "dwarf-with-dsym";
				ENABLE_NS_ASSERTIONS = NO;
				ENABLE_STRICT_OBJC_MSGSEND = YES;
				GCC_C_LANGUAGE_STANDARD = gnu11;
				GCC_NO_COMMON_BLOCKS = YES;
				GCC_WARN_64_TO_32_BIT_CONVERSION = YES;
				GCC_WARN_ABOUT_RETURN_TYPE = YES_ERROR;
				GCC_WARN_UNDECLARED_SELECTOR = YES;
				GCC_WARN_UNINITIALIZED_AUTOS = YES_AGGRESSIVE;
				GCC_WARN_UNUSED_FUNCTION = YES;
				GCC_WARN_UNUSED_VARIABLE = YES;
				IPHONEOS_DEPLOYMENT_TARGET = 13.2;
				MTL_ENABLE_DEBUG_INFO = NO;
				MTL_FAST_MATH = YES;
				SDKROOT = iphoneos;
				SWIFT_COMPILATION_MODE = wholemodule;
				SWIFT_OPTIMIZATION_LEVEL = "-O";
				VALIDATE_PRODUCT = YES;
			};
			name = Release;
		};
		844DA107237C9CC2001F15CD /* Debug */ = {
			isa = XCBuildConfiguration;
			buildSettings = {
				ASSETCATALOG_COMPILER_APPICON_NAME = AppIcon;
				CODE_SIGN_STYLE = Automatic;
				DEVELOPMENT_TEAM = 4JB27NFB78;
				INFOPLIST_FILE = challenge1/Info.plist;
				LD_RUNPATH_SEARCH_PATHS = (
					"$(inherited)",
					"@executable_path/Frameworks",
				);
				PRODUCT_BUNDLE_IDENTIFIER = diis.challenge1;
				PRODUCT_NAME = "$(TARGET_NAME)";
				SWIFT_VERSION = 5.0;
				TARGETED_DEVICE_FAMILY = "1,2";
			};
			name = Debug;
		};
		844DA108237C9CC2001F15CD /* Release */ = {
			isa = XCBuildConfiguration;
			buildSettings = {
				ASSETCATALOG_COMPILER_APPICON_NAME = AppIcon;
				CODE_SIGN_STYLE = Automatic;
				DEVELOPMENT_TEAM = 4JB27NFB78;
				INFOPLIST_FILE = challenge1/Info.plist;
				LD_RUNPATH_SEARCH_PATHS = (
					"$(inherited)",
					"@executable_path/Frameworks",
				);
				PRODUCT_BUNDLE_IDENTIFIER = diis.challenge1;
				PRODUCT_NAME = "$(TARGET_NAME)";
				SWIFT_VERSION = 5.0;
				TARGETED_DEVICE_FAMILY = "1,2";
			};
			name = Release;
		};
/* End XCBuildConfiguration section */

/* Begin XCConfigurationList section */
		844DA0ED237C9CC0001F15CD /* Build configuration list for PBXProject "challenge1" */ = {
			isa = XCConfigurationList;
			buildConfigurations = (
				844DA104237C9CC2001F15CD /* Debug */,
				844DA105237C9CC2001F15CD /* Release */,
			);
			defaultConfigurationIsVisible = 0;
			defaultConfigurationName = Release;
		};
		844DA106237C9CC2001F15CD /* Build configuration list for PBXNativeTarget "challenge1" */ = {
			isa = XCConfigurationList;
			buildConfigurations = (
				844DA107237C9CC2001F15CD /* Debug */,
				844DA108237C9CC2001F15CD /* Release */,
			);
			defaultConfigurationIsVisible = 0;
			defaultConfigurationName = Release;
		};
/* End XCConfigurationList section */
	};
	rootObject = 844DA0EA237C9CC0001F15CD /* Project object */;
}
